github.com/alitto/pond v1.9.0 h1:B8BrvXyKe97NK9LHuRsQAOmpRnsp6GJ7mCg1Cgitczo=
github.com/alitto/pond v1.9.0/go.mod h1:xQn3P/sHTYcU/1BR3i86IGIrilcrGC2LiS+E2+CJWsI=
github.com/google/uuid v1.6.0 h1:NIvaJDMOsjHA8n1jAhLSgzrAzy1Hgr+hNrb57e+94F0=
github.com/google/uuid v1.6.0/go.mod h1:TIyPZe4MgqvfeYDBFedMoGGpEw/LqOeaOT+nhxU+yHo=
